
Microsoft Visual Studio Solution File, Format Version 12.00
# Visual Studio Version 17
VisualStudioVersion = 17.2.32602.215
MinimumVisualStudioVersion = 10.0.40219.1
Project("{9A19103F-16F7-4668-BE54-9A1E7A4F7556}") = "Tests", "Tests\Tests.csproj", "{3A4BAF57-5E83-4823-814B-D333BB94B56F}"
EndProject
Project("{2150E333-8FDC-42A3-9474-1A3956D46DE8}") = "DB", "DB", "{A0645AC5-788D-48AB-9D38-B33915639B93}"
EndProject
Project("{2150E333-8FDC-42A3-9474-1A3956D46DE8}") = "Integrations", "Integrations", "{8E3FF390-3A4D-4BC8-AEBF-DF94931E90D6}"
EndProject
Project("{2150E333-8FDC-42A3-9474-1A3956D46DE8}") = "Payments", "Payments", "{C383639E-E80A-4873-AE6A-669F98B2BD14}"
EndProject
Project("{2150E333-8FDC-42A3-9474-1A3956D46DE8}") = "Test", "Test", "{BA272CFF-207E-4DF3-89B6-207975652296}"
EndProject
Project("{2150E333-8FDC-42A3-9474-1A3956D46DE8}") = "Integrations", "Integrations", "{8D5A46A2-99E3-4EFE-9608-E75F5FFDE091}"
EndProject
Project("{2150E333-8FDC-42A3-9474-1A3956D46DE8}") = "Solution Items", "Solution Items", "{155397C6-4F7F-498C-BCD7-41745B0B17B0}"
	ProjectSection(SolutionItems) = preProject
		.editorconfig = .editorconfig
	EndProjectSection
EndProject
Project("{2150E333-8FDC-42A3-9474-1A3956D46DE8}") = "Elastic", "Elastic", "{73E9BE06-87DD-42B1-9969-F9DC2221DC14}"
EndProject
Project("{9A19103F-16F7-4668-BE54-9A1E7A4F7556}") = "Marketplace.Auth", "Marketplace.Auth\Marketplace.Auth.csproj", "{094F54A8-3FC2-4B7A-9FF5-3DF4A7CF813D}"
EndProject
Project("{9A19103F-16F7-4668-BE54-9A1E7A4F7556}") = "Marketplace.Data", "Marketplace.Data\Marketplace.Data.csproj", "{F9D24F68-C672-4B99-8AE8-8AA3071CFEA6}"
EndProject
Project("{9A19103F-16F7-4668-BE54-9A1E7A4F7556}") = "Marketplace.Data.Infrastructure", "Marketplace.Data.Infrastructure\Marketplace.Data.Infrastructure.csproj", "{6C3C5845-4B3A-490A-93D7-2618640179F0}"
EndProject
Project("{9A19103F-16F7-4668-BE54-9A1E7A4F7556}") = "Marketplace.Data.Models", "Marketplace.Data.Models\Marketplace.Data.Models.csproj", "{12E99D32-390A-4D40-BDFE-2E90A1748BD0}"
EndProject
Project("{9A19103F-16F7-4668-BE54-9A1E7A4F7556}") = "Marketplace.Integrations.ElasticSearch", "Marketplace.Integrations.ElasticSearch\Marketplace.Integrations.ElasticSearch.csproj", "{8A56C3CF-CAFB-4B21-B23D-FC6E70A57C6A}"
EndProject
Project("{9A19103F-16F7-4668-BE54-9A1E7A4F7556}") = "Marketplace.Integrations.Payments.LiqPay", "Marketplace.Integrations.Payments.LiqPay\Marketplace.Integrations.Payments.LiqPay.csproj", "{6EA5D7E6-19DC-44A4-81DB-46A7091B5E93}"
EndProject
Project("{9A19103F-16F7-4668-BE54-9A1E7A4F7556}") = "Marketplace.Integrations.Payments.Stripe", "Marketplace.Integrations.Payments.Stripe\Marketplace.Integrations.Payments.Stripe.csproj", "{7E32CA5F-EFE3-4902-949B-EA7B0C02E1C8}"
EndProject
Project("{9A19103F-16F7-4668-BE54-9A1E7A4F7556}") = "Marketplace.Api", "Marketplace.Api\Marketplace.Api.csproj", "{6F2D8584-3DBC-4DF0-B5F7-9140DDEE6201}"
EndProject
Project("{9A19103F-16F7-4668-BE54-9A1E7A4F7556}") = "Marketplace.Bootstrapper", "Marketplace.Bootstrapper\Marketplace.Bootstrapper.csproj", "{5F12D39F-0FD0-40F4-9A13-27A5E699FBCF}"
EndProject
Project("{9A19103F-16F7-4668-BE54-9A1E7A4F7556}") = "Marketplace.Contracts", "Marketplace.Contracts\Marketplace.Contracts.csproj", "{416472CE-03F2-4E2F-B92D-CEC869387F0E}"
EndProject
Project("{9A19103F-16F7-4668-BE54-9A1E7A4F7556}") = "Marketplace.Infrastructure", "Marketplace.Infrastructure\Marketplace.Infrastructure.csproj", "{3FB026B3-CCCE-4EC4-89A2-373FB2BC2538}"
EndProject
Project("{9A19103F-16F7-4668-BE54-9A1E7A4F7556}") = "Marketplace.Models", "Marketplace.Models\Marketplace.Models.csproj", "{A8367A23-FDC5-4232-A181-9322D1DB482C}"
EndProject
Project("{9A19103F-16F7-4668-BE54-9A1E7A4F7556}") = "Marketplace.Services", "Marketplace.Services\Marketplace.Services.csproj", "{AE6AA683-7CC3-48D6-A3D6-1F0BD339317F}"
EndProject
Global
	GlobalSection(SolutionConfigurationPlatforms) = preSolution
		Debug|Any CPU = Debug|Any CPU
		Debug|x64 = Debug|x64
		Debug|x86 = Debug|x86
		Release|Any CPU = Release|Any CPU
		Release|x64 = Release|x64
		Release|x86 = Release|x86
	EndGlobalSection
	GlobalSection(ProjectConfigurationPlatforms) = postSolution
		{3A4BAF57-5E83-4823-814B-D333BB94B56F}.Debug|Any CPU.ActiveCfg = Debug|Any CPU
		{3A4BAF57-5E83-4823-814B-D333BB94B56F}.Debug|Any CPU.Build.0 = Debug|Any CPU
		{3A4BAF57-5E83-4823-814B-D333BB94B56F}.Debug|x64.ActiveCfg = Debug|Any CPU
		{3A4BAF57-5E83-4823-814B-D333BB94B56F}.Debug|x64.Build.0 = Debug|Any CPU
		{3A4BAF57-5E83-4823-814B-D333BB94B56F}.Debug|x86.ActiveCfg = Debug|Any CPU
		{3A4BAF57-5E83-4823-814B-D333BB94B56F}.Debug|x86.Build.0 = Debug|Any CPU
		{3A4BAF57-5E83-4823-814B-D333BB94B56F}.Release|Any CPU.ActiveCfg = Release|Any CPU
		{3A4BAF57-5E83-4823-814B-D333BB94B56F}.Release|Any CPU.Build.0 = Release|Any CPU
		{3A4BAF57-5E83-4823-814B-D333BB94B56F}.Release|x64.ActiveCfg = Release|Any CPU
		{3A4BAF57-5E83-4823-814B-D333BB94B56F}.Release|x64.Build.0 = Release|Any CPU
		{3A4BAF57-5E83-4823-814B-D333BB94B56F}.Release|x86.ActiveCfg = Release|Any CPU
		{3A4BAF57-5E83-4823-814B-D333BB94B56F}.Release|x86.Build.0 = Release|Any CPU
		{094F54A8-3FC2-4B7A-9FF5-3DF4A7CF813D}.Debug|Any CPU.ActiveCfg = Debug|Any CPU
		{094F54A8-3FC2-4B7A-9FF5-3DF4A7CF813D}.Debug|Any CPU.Build.0 = Debug|Any CPU
		{094F54A8-3FC2-4B7A-9FF5-3DF4A7CF813D}.Debug|x64.ActiveCfg = Debug|Any CPU
		{094F54A8-3FC2-4B7A-9FF5-3DF4A7CF813D}.Debug|x64.Build.0 = Debug|Any CPU
		{094F54A8-3FC2-4B7A-9FF5-3DF4A7CF813D}.Debug|x86.ActiveCfg = Debug|Any CPU
		{094F54A8-3FC2-4B7A-9FF5-3DF4A7CF813D}.Debug|x86.Build.0 = Debug|Any CPU
		{094F54A8-3FC2-4B7A-9FF5-3DF4A7CF813D}.Release|Any CPU.ActiveCfg = Release|Any CPU
		{094F54A8-3FC2-4B7A-9FF5-3DF4A7CF813D}.Release|Any CPU.Build.0 = Release|Any CPU
		{094F54A8-3FC2-4B7A-9FF5-3DF4A7CF813D}.Release|x64.ActiveCfg = Release|Any CPU
		{094F54A8-3FC2-4B7A-9FF5-3DF4A7CF813D}.Release|x64.Build.0 = Release|Any CPU
		{094F54A8-3FC2-4B7A-9FF5-3DF4A7CF813D}.Release|x86.ActiveCfg = Release|Any CPU
		{094F54A8-3FC2-4B7A-9FF5-3DF4A7CF813D}.Release|x86.Build.0 = Release|Any CPU
		{F9D24F68-C672-4B99-8AE8-8AA3071CFEA6}.Debug|Any CPU.ActiveCfg = Debug|Any CPU
		{F9D24F68-C672-4B99-8AE8-8AA3071CFEA6}.Debug|Any CPU.Build.0 = Debug|Any CPU
		{F9D24F68-C672-4B99-8AE8-8AA3071CFEA6}.Debug|x64.ActiveCfg = Debug|Any CPU
		{F9D24F68-C672-4B99-8AE8-8AA3071CFEA6}.Debug|x64.Build.0 = Debug|Any CPU
		{F9D24F68-C672-4B99-8AE8-8AA3071CFEA6}.Debug|x86.ActiveCfg = Debug|Any CPU
		{F9D24F68-C672-4B99-8AE8-8AA3071CFEA6}.Debug|x86.Build.0 = Debug|Any CPU
		{F9D24F68-C672-4B99-8AE8-8AA3071CFEA6}.Release|Any CPU.ActiveCfg = Release|Any CPU
		{F9D24F68-C672-4B99-8AE8-8AA3071CFEA6}.Release|Any CPU.Build.0 = Release|Any CPU
		{F9D24F68-C672-4B99-8AE8-8AA3071CFEA6}.Release|x64.ActiveCfg = Release|Any CPU
		{F9D24F68-C672-4B99-8AE8-8AA3071CFEA6}.Release|x64.Build.0 = Release|Any CPU
		{F9D24F68-C672-4B99-8AE8-8AA3071CFEA6}.Release|x86.ActiveCfg = Release|Any CPU
		{F9D24F68-C672-4B99-8AE8-8AA3071CFEA6}.Release|x86.Build.0 = Release|Any CPU
		{6C3C5845-4B3A-490A-93D7-2618640179F0}.Debug|Any CPU.ActiveCfg = Debug|Any CPU
		{6C3C5845-4B3A-490A-93D7-2618640179F0}.Debug|Any CPU.Build.0 = Debug|Any CPU
		{6C3C5845-4B3A-490A-93D7-2618640179F0}.Debug|x64.ActiveCfg = Debug|Any CPU
		{6C3C5845-4B3A-490A-93D7-2618640179F0}.Debug|x64.Build.0 = Debug|Any CPU
		{6C3C5845-4B3A-490A-93D7-2618640179F0}.Debug|x86.ActiveCfg = Debug|Any CPU
		{6C3C5845-4B3A-490A-93D7-2618640179F0}.Debug|x86.Build.0 = Debug|Any CPU
		{6C3C5845-4B3A-490A-93D7-2618640179F0}.Release|Any CPU.ActiveCfg = Release|Any CPU
		{6C3C5845-4B3A-490A-93D7-2618640179F0}.Release|Any CPU.Build.0 = Release|Any CPU
		{6C3C5845-4B3A-490A-93D7-2618640179F0}.Release|x64.ActiveCfg = Release|Any CPU
		{6C3C5845-4B3A-490A-93D7-2618640179F0}.Release|x64.Build.0 = Release|Any CPU
		{6C3C5845-4B3A-490A-93D7-2618640179F0}.Release|x86.ActiveCfg = Release|Any CPU
		{6C3C5845-4B3A-490A-93D7-2618640179F0}.Release|x86.Build.0 = Release|Any CPU
		{12E99D32-390A-4D40-BDFE-2E90A1748BD0}.Debug|Any CPU.ActiveCfg = Debug|Any CPU
		{12E99D32-390A-4D40-BDFE-2E90A1748BD0}.Debug|Any CPU.Build.0 = Debug|Any CPU
		{12E99D32-390A-4D40-BDFE-2E90A1748BD0}.Debug|x64.ActiveCfg = Debug|Any CPU
		{12E99D32-390A-4D40-BDFE-2E90A1748BD0}.Debug|x64.Build.0 = Debug|Any CPU
		{12E99D32-390A-4D40-BDFE-2E90A1748BD0}.Debug|x86.ActiveCfg = Debug|Any CPU
		{12E99D32-390A-4D40-BDFE-2E90A1748BD0}.Debug|x86.Build.0 = Debug|Any CPU
		{12E99D32-390A-4D40-BDFE-2E90A1748BD0}.Release|Any CPU.ActiveCfg = Release|Any CPU
		{12E99D32-390A-4D40-BDFE-2E90A1748BD0}.Release|Any CPU.Build.0 = Release|Any CPU
		{12E99D32-390A-4D40-BDFE-2E90A1748BD0}.Release|x64.ActiveCfg = Release|Any CPU
		{12E99D32-390A-4D40-BDFE-2E90A1748BD0}.Release|x64.Build.0 = Release|Any CPU
		{12E99D32-390A-4D40-BDFE-2E90A1748BD0}.Release|x86.ActiveCfg = Release|Any CPU
		{12E99D32-390A-4D40-BDFE-2E90A1748BD0}.Release|x86.Build.0 = Release|Any CPU
		{8A56C3CF-CAFB-4B21-B23D-FC6E70A57C6A}.Debug|Any CPU.ActiveCfg = Debug|Any CPU
		{8A56C3CF-CAFB-4B21-B23D-FC6E70A57C6A}.Debug|Any CPU.Build.0 = Debug|Any CPU
		{8A56C3CF-CAFB-4B21-B23D-FC6E70A57C6A}.Debug|x64.ActiveCfg = Debug|Any CPU
		{8A56C3CF-CAFB-4B21-B23D-FC6E70A57C6A}.Debug|x64.Build.0 = Debug|Any CPU
		{8A56C3CF-CAFB-4B21-B23D-FC6E70A57C6A}.Debug|x86.ActiveCfg = Debug|Any CPU
		{8A56C3CF-CAFB-4B21-B23D-FC6E70A57C6A}.Debug|x86.Build.0 = Debug|Any CPU
		{8A56C3CF-CAFB-4B21-B23D-FC6E70A57C6A}.Release|Any CPU.ActiveCfg = Release|Any CPU
		{8A56C3CF-CAFB-4B21-B23D-FC6E70A57C6A}.Release|Any CPU.Build.0 = Release|Any CPU
		{8A56C3CF-CAFB-4B21-B23D-FC6E70A57C6A}.Release|x64.ActiveCfg = Release|Any CPU
		{8A56C3CF-CAFB-4B21-B23D-FC6E70A57C6A}.Release|x64.Build.0 = Release|Any CPU
		{8A56C3CF-CAFB-4B21-B23D-FC6E70A57C6A}.Release|x86.ActiveCfg = Release|Any CPU
		{8A56C3CF-CAFB-4B21-B23D-FC6E70A57C6A}.Release|x86.Build.0 = Release|Any CPU
		{6EA5D7E6-19DC-44A4-81DB-46A7091B5E93}.Debug|Any CPU.ActiveCfg = Debug|Any CPU
		{6EA5D7E6-19DC-44A4-81DB-46A7091B5E93}.Debug|Any CPU.Build.0 = Debug|Any CPU
		{6EA5D7E6-19DC-44A4-81DB-46A7091B5E93}.Debug|x64.ActiveCfg = Debug|Any CPU
		{6EA5D7E6-19DC-44A4-81DB-46A7091B5E93}.Debug|x64.Build.0 = Debug|Any CPU
		{6EA5D7E6-19DC-44A4-81DB-46A7091B5E93}.Debug|x86.ActiveCfg = Debug|Any CPU
		{6EA5D7E6-19DC-44A4-81DB-46A7091B5E93}.Debug|x86.Build.0 = Debug|Any CPU
		{6EA5D7E6-19DC-44A4-81DB-46A7091B5E93}.Release|Any CPU.ActiveCfg = Release|Any CPU
		{6EA5D7E6-19DC-44A4-81DB-46A7091B5E93}.Release|Any CPU.Build.0 = Release|Any CPU
		{6EA5D7E6-19DC-44A4-81DB-46A7091B5E93}.Release|x64.ActiveCfg = Release|Any CPU
		{6EA5D7E6-19DC-44A4-81DB-46A7091B5E93}.Release|x64.Build.0 = Release|Any CPU
		{6EA5D7E6-19DC-44A4-81DB-46A7091B5E93}.Release|x86.ActiveCfg = Release|Any CPU
		{6EA5D7E6-19DC-44A4-81DB-46A7091B5E93}.Release|x86.Build.0 = Release|Any CPU
		{7E32CA5F-EFE3-4902-949B-EA7B0C02E1C8}.Debug|Any CPU.ActiveCfg = Debug|Any CPU
		{7E32CA5F-EFE3-4902-949B-EA7B0C02E1C8}.Debug|Any CPU.Build.0 = Debug|Any CPU
		{7E32CA5F-EFE3-4902-949B-EA7B0C02E1C8}.Debug|x64.ActiveCfg = Debug|Any CPU
		{7E32CA5F-EFE3-4902-949B-EA7B0C02E1C8}.Debug|x64.Build.0 = Debug|Any CPU
		{7E32CA5F-EFE3-4902-949B-EA7B0C02E1C8}.Debug|x86.ActiveCfg = Debug|Any CPU
		{7E32CA5F-EFE3-4902-949B-EA7B0C02E1C8}.Debug|x86.Build.0 = Debug|Any CPU
		{7E32CA5F-EFE3-4902-949B-EA7B0C02E1C8}.Release|Any CPU.ActiveCfg = Release|Any CPU
		{7E32CA5F-EFE3-4902-949B-EA7B0C02E1C8}.Release|Any CPU.Build.0 = Release|Any CPU
		{7E32CA5F-EFE3-4902-949B-EA7B0C02E1C8}.Release|x64.ActiveCfg = Release|Any CPU
		{7E32CA5F-EFE3-4902-949B-EA7B0C02E1C8}.Release|x64.Build.0 = Release|Any CPU
		{7E32CA5F-EFE3-4902-949B-EA7B0C02E1C8}.Release|x86.ActiveCfg = Release|Any CPU
		{7E32CA5F-EFE3-4902-949B-EA7B0C02E1C8}.Release|x86.Build.0 = Release|Any CPU
		{6F2D8584-3DBC-4DF0-B5F7-9140DDEE6201}.Debug|Any CPU.ActiveCfg = Debug|Any CPU
		{6F2D8584-3DBC-4DF0-B5F7-9140DDEE6201}.Debug|Any CPU.Build.0 = Debug|Any CPU
		{6F2D8584-3DBC-4DF0-B5F7-9140DDEE6201}.Debug|x64.ActiveCfg = Debug|Any CPU
		{6F2D8584-3DBC-4DF0-B5F7-9140DDEE6201}.Debug|x64.Build.0 = Debug|Any CPU
		{6F2D8584-3DBC-4DF0-B5F7-9140DDEE6201}.Debug|x86.ActiveCfg = Debug|Any CPU
		{6F2D8584-3DBC-4DF0-B5F7-9140DDEE6201}.Debug|x86.Build.0 = Debug|Any CPU
		{6F2D8584-3DBC-4DF0-B5F7-9140DDEE6201}.Release|Any CPU.ActiveCfg = Release|Any CPU
		{6F2D8584-3DBC-4DF0-B5F7-9140DDEE6201}.Release|Any CPU.Build.0 = Release|Any CPU
		{6F2D8584-3DBC-4DF0-B5F7-9140DDEE6201}.Release|x64.ActiveCfg = Release|Any CPU
		{6F2D8584-3DBC-4DF0-B5F7-9140DDEE6201}.Release|x64.Build.0 = Release|Any CPU
		{6F2D8584-3DBC-4DF0-B5F7-9140DDEE6201}.Release|x86.ActiveCfg = Release|Any CPU
		{6F2D8584-3DBC-4DF0-B5F7-9140DDEE6201}.Release|x86.Build.0 = Release|Any CPU
		{5F12D39F-0FD0-40F4-9A13-27A5E699FBCF}.Debug|Any CPU.ActiveCfg = Debug|Any CPU
		{5F12D39F-0FD0-40F4-9A13-27A5E699FBCF}.Debug|Any CPU.Build.0 = Debug|Any CPU
		{5F12D39F-0FD0-40F4-9A13-27A5E699FBCF}.Debug|x64.ActiveCfg = Debug|Any CPU
		{5F12D39F-0FD0-40F4-9A13-27A5E699FBCF}.Debug|x64.Build.0 = Debug|Any CPU
		{5F12D39F-0FD0-40F4-9A13-27A5E699FBCF}.Debug|x86.ActiveCfg = Debug|Any CPU
		{5F12D39F-0FD0-40F4-9A13-27A5E699FBCF}.Debug|x86.Build.0 = Debug|Any CPU
		{5F12D39F-0FD0-40F4-9A13-27A5E699FBCF}.Release|Any CPU.ActiveCfg = Release|Any CPU
		{5F12D39F-0FD0-40F4-9A13-27A5E699FBCF}.Release|Any CPU.Build.0 = Release|Any CPU
		{5F12D39F-0FD0-40F4-9A13-27A5E699FBCF}.Release|x64.ActiveCfg = Release|Any CPU
		{5F12D39F-0FD0-40F4-9A13-27A5E699FBCF}.Release|x64.Build.0 = Release|Any CPU
		{5F12D39F-0FD0-40F4-9A13-27A5E699FBCF}.Release|x86.ActiveCfg = Release|Any CPU
		{5F12D39F-0FD0-40F4-9A13-27A5E699FBCF}.Release|x86.Build.0 = Release|Any CPU
		{416472CE-03F2-4E2F-B92D-CEC869387F0E}.Debug|Any CPU.ActiveCfg = Debug|Any CPU
		{416472CE-03F2-4E2F-B92D-CEC869387F0E}.Debug|Any CPU.Build.0 = Debug|Any CPU
		{416472CE-03F2-4E2F-B92D-CEC869387F0E}.Debug|x64.ActiveCfg = Debug|Any CPU
		{416472CE-03F2-4E2F-B92D-CEC869387F0E}.Debug|x64.Build.0 = Debug|Any CPU
		{416472CE-03F2-4E2F-B92D-CEC869387F0E}.Debug|x86.ActiveCfg = Debug|Any CPU
		{416472CE-03F2-4E2F-B92D-CEC869387F0E}.Debug|x86.Build.0 = Debug|Any CPU
		{416472CE-03F2-4E2F-B92D-CEC869387F0E}.Release|Any CPU.ActiveCfg = Release|Any CPU
		{416472CE-03F2-4E2F-B92D-CEC869387F0E}.Release|Any CPU.Build.0 = Release|Any CPU
		{416472CE-03F2-4E2F-B92D-CEC869387F0E}.Release|x64.ActiveCfg = Release|Any CPU
		{416472CE-03F2-4E2F-B92D-CEC869387F0E}.Release|x64.Build.0 = Release|Any CPU
		{416472CE-03F2-4E2F-B92D-CEC869387F0E}.Release|x86.ActiveCfg = Release|Any CPU
		{416472CE-03F2-4E2F-B92D-CEC869387F0E}.Release|x86.Build.0 = Release|Any CPU
		{3FB026B3-CCCE-4EC4-89A2-373FB2BC2538}.Debug|Any CPU.ActiveCfg = Debug|Any CPU
		{3FB026B3-CCCE-4EC4-89A2-373FB2BC2538}.Debug|Any CPU.Build.0 = Debug|Any CPU
		{3FB026B3-CCCE-4EC4-89A2-373FB2BC2538}.Debug|x64.ActiveCfg = Debug|Any CPU
		{3FB026B3-CCCE-4EC4-89A2-373FB2BC2538}.Debug|x64.Build.0 = Debug|Any CPU
		{3FB026B3-CCCE-4EC4-89A2-373FB2BC2538}.Debug|x86.ActiveCfg = Debug|Any CPU
		{3FB026B3-CCCE-4EC4-89A2-373FB2BC2538}.Debug|x86.Build.0 = Debug|Any CPU
		{3FB026B3-CCCE-4EC4-89A2-373FB2BC2538}.Release|Any CPU.ActiveCfg = Release|Any CPU
		{3FB026B3-CCCE-4EC4-89A2-373FB2BC2538}.Release|Any CPU.Build.0 = Release|Any CPU
		{3FB026B3-CCCE-4EC4-89A2-373FB2BC2538}.Release|x64.ActiveCfg = Release|Any CPU
		{3FB026B3-CCCE-4EC4-89A2-373FB2BC2538}.Release|x64.Build.0 = Release|Any CPU
		{3FB026B3-CCCE-4EC4-89A2-373FB2BC2538}.Release|x86.ActiveCfg = Release|Any CPU
		{3FB026B3-CCCE-4EC4-89A2-373FB2BC2538}.Release|x86.Build.0 = Release|Any CPU
		{A8367A23-FDC5-4232-A181-9322D1DB482C}.Debug|Any CPU.ActiveCfg = Debug|Any CPU
		{A8367A23-FDC5-4232-A181-9322D1DB482C}.Debug|Any CPU.Build.0 = Debug|Any CPU
		{A8367A23-FDC5-4232-A181-9322D1DB482C}.Debug|x64.ActiveCfg = Debug|Any CPU
		{A8367A23-FDC5-4232-A181-9322D1DB482C}.Debug|x64.Build.0 = Debug|Any CPU
		{A8367A23-FDC5-4232-A181-9322D1DB482C}.Debug|x86.ActiveCfg = Debug|Any CPU
		{A8367A23-FDC5-4232-A181-9322D1DB482C}.Debug|x86.Build.0 = Debug|Any CPU
		{A8367A23-FDC5-4232-A181-9322D1DB482C}.Release|Any CPU.ActiveCfg = Release|Any CPU
		{A8367A23-FDC5-4232-A181-9322D1DB482C}.Release|Any CPU.Build.0 = Release|Any CPU
		{A8367A23-FDC5-4232-A181-9322D1DB482C}.Release|x64.ActiveCfg = Release|Any CPU
		{A8367A23-FDC5-4232-A181-9322D1DB482C}.Release|x64.Build.0 = Release|Any CPU
		{A8367A23-FDC5-4232-A181-9322D1DB482C}.Release|x86.ActiveCfg = Release|Any CPU
		{A8367A23-FDC5-4232-A181-9322D1DB482C}.Release|x86.Build.0 = Release|Any CPU
		{AE6AA683-7CC3-48D6-A3D6-1F0BD339317F}.Debug|Any CPU.ActiveCfg = Debug|Any CPU
		{AE6AA683-7CC3-48D6-A3D6-1F0BD339317F}.Debug|Any CPU.Build.0 = Debug|Any CPU
		{AE6AA683-7CC3-48D6-A3D6-1F0BD339317F}.Debug|x64.ActiveCfg = Debug|Any CPU
		{AE6AA683-7CC3-48D6-A3D6-1F0BD339317F}.Debug|x64.Build.0 = Debug|Any CPU
		{AE6AA683-7CC3-48D6-A3D6-1F0BD339317F}.Debug|x86.ActiveCfg = Debug|Any CPU
		{AE6AA683-7CC3-48D6-A3D6-1F0BD339317F}.Debug|x86.Build.0 = Debug|Any CPU
		{AE6AA683-7CC3-48D6-A3D6-1F0BD339317F}.Release|Any CPU.ActiveCfg = Release|Any CPU
		{AE6AA683-7CC3-48D6-A3D6-1F0BD339317F}.Release|Any CPU.Build.0 = Release|Any CPU
		{AE6AA683-7CC3-48D6-A3D6-1F0BD339317F}.Release|x64.ActiveCfg = Release|Any CPU
		{AE6AA683-7CC3-48D6-A3D6-1F0BD339317F}.Release|x64.Build.0 = Release|Any CPU
		{AE6AA683-7CC3-48D6-A3D6-1F0BD339317F}.Release|x86.ActiveCfg = Release|Any CPU
		{AE6AA683-7CC3-48D6-A3D6-1F0BD339317F}.Release|x86.Build.0 = Release|Any CPU
	EndGlobalSection
	GlobalSection(SolutionProperties) = preSolution
		HideSolutionNode = FALSE
	EndGlobalSection
	GlobalSection(NestedProjects) = preSolution
		{3A4BAF57-5E83-4823-814B-D333BB94B56F} = {BA272CFF-207E-4DF3-89B6-207975652296}
		{C383639E-E80A-4873-AE6A-669F98B2BD14} = {8E3FF390-3A4D-4BC8-AEBF-DF94931E90D6}
		{8D5A46A2-99E3-4EFE-9608-E75F5FFDE091} = {BA272CFF-207E-4DF3-89B6-207975652296}
		{73E9BE06-87DD-42B1-9969-F9DC2221DC14} = {8E3FF390-3A4D-4BC8-AEBF-DF94931E90D6}
		{F9D24F68-C672-4B99-8AE8-8AA3071CFEA6} = {A0645AC5-788D-48AB-9D38-B33915639B93}
		{6C3C5845-4B3A-490A-93D7-2618640179F0} = {A0645AC5-788D-48AB-9D38-B33915639B93}
		{12E99D32-390A-4D40-BDFE-2E90A1748BD0} = {A0645AC5-788D-48AB-9D38-B33915639B93}
		{8A56C3CF-CAFB-4B21-B23D-FC6E70A57C6A} = {73E9BE06-87DD-42B1-9969-F9DC2221DC14}
		{6EA5D7E6-19DC-44A4-81DB-46A7091B5E93} = {C383639E-E80A-4873-AE6A-669F98B2BD14}
		{7E32CA5F-EFE3-4902-949B-EA7B0C02E1C8} = {C383639E-E80A-4873-AE6A-669F98B2BD14}
	EndGlobalSection
	GlobalSection(ExtensibilityGlobals) = postSolution
		SolutionGuid = {B4F029BE-7895-4752-9242-1FD275C15FBB}
	EndGlobalSection
EndGlobal
